// !$*UTF8*$!
{
	archiveVersion = 1;
	classes = {
	};
	objectVersion = 46;
	objects = {

/* Begin PBXBuildFile section */
		828A98EF1A36371800555458 /* main.m in Sources */ = {isa = PBXBuildFile; fileRef = 828A98EE1A36371800555458 /* main.m */; };
		828A98F21A36371800555458 /* AppDelegate.m in Sources */ = {isa = PBXBuildFile; fileRef = 828A98F11A36371800555458 /* AppDelegate.m */; };
		828A98F51A36371800555458 /* ViewController.m in Sources */ = {isa = PBXBuildFile; fileRef = 828A98F41A36371800555458 /* ViewController.m */; };
		828A98F81A36371800555458 /* Main.storyboard in Resources */ = {isa = PBXBuildFile; fileRef = 828A98F61A36371800555458 /* Main.storyboard */; };
		828A98FA1A36371800555458 /* Images.xcassets in Resources */ = {isa = PBXBuildFile; fileRef = 828A98F91A36371800555458 /* Images.xcassets */; };
		828A98FD1A36371800555458 /* LaunchScreen.xib in Resources */ = {isa = PBXBuildFile; fileRef = 828A98FB1A36371800555458 /* LaunchScreen.xib */; };
		828A99091A36371800555458 /* TabBarSecondViewControllerTests.m in Sources */ = {isa = PBXBuildFile; fileRef = 828A99081A36371800555458 /* TabBarSecondViewControllerTests.m */; };
/* End PBXBuildFile section */

/* Begin PBXContainerItemProxy section */
		828A99031A36371800555458 /* PBXContainerItemProxy */ = {
			isa = PBXContainerItemProxy;
			containerPortal = 828A98E11A36371700555458 /* Project object */;
			proxyType = 1;
			remoteGlobalIDString = 828A98E81A36371700555458;
			remoteInfo = TabBarSecondViewController;
		};
/* End PBXContainerItemProxy section */

/* Begin PBXFileReference section */
		828A98E91A36371700555458 /* TabBarSecondViewController.app */ = {isa = PBXFileReference; explicitFileType = wrapper.application; includeInIndex = 0; path = TabBarSecondViewController.app; sourceTree = BUILT_PRODUCTS_DIR; };
		828A98ED1A36371800555458 /* Info.plist */ = {isa = PBXFileReference; lastKnownFileType = text.plist.xml; path = Info.plist; sourceTree = "<group>"; };
		828A98EE1A36371800555458 /* main.m */ = {isa = PBXFileReference; lastKnownFileType = sourcecode.c.objc; path = main.m; sourceTree = "<group>"; };
		828A98F01A36371800555458 /* AppDelegate.h */ = {isa = PBXFileReference; lastKnownFileType = sourcecode.c.h; path = AppDelegate.h; sourceTree = "<group>"; };
		828A98F11A36371800555458 /* AppDelegate.m */ = {isa = PBXFileReference; lastKnownFileType = sourcecode.c.objc; path = AppDelegate.m; sourceTree = "<group>"; };
		828A98F31A36371800555458 /* ViewController.h */ = {isa = PBXFileReference; lastKnownFileType = sourcecode.c.h; path = ViewController.h; sourceTree = "<group>"; };
		828A98F41A36371800555458 /* ViewController.m */ = {isa = PBXFileReference; lastKnownFileType = sourcecode.c.objc; path = ViewController.m; sourceTree = "<group>"; };
		828A98F71A36371800555458 /* Base */ = {isa = PBXFileReference; lastKnownFileType = file.storyboard; name = Base; path = Base.lproj/Main.storyboard; sourceTree = "<group>"; };
		828A98F91A36371800555458 /* Images.xcassets */ = {isa = PBXFileReference; lastKnownFileType = folder.assetcatalog; path = Images.xcassets; sourceTree = "<group>"; };
		828A98FC1A36371800555458 /* Base */ = {isa = PBXFileReference; lastKnownFileType = file.xib; name = Base; path = Base.lproj/LaunchScreen.xib; sourceTree = "<group>"; };
		828A99021A36371800555458 /* TabBarSecondViewControllerTests.xctest */ = {isa = PBXFileReference; explicitFileType = wrapper.cfbundle; includeInIndex = 0; path = TabBarSecondViewControllerTests.xctest; sourceTree = BUILT_PRODUCTS_DIR; };
		828A99071A36371800555458 /* Info.plist */ = {isa = PBXFileReference; lastKnownFileType = text.plist.xml; path = Info.plist; sourceTree = "<group>"; };
		828A99081A36371800555458 /* TabBarSecondViewControllerTests.m */ = {isa = PBXFileReference; lastKnownFileType = sourcecode.c.objc; path = TabBarSecondViewControllerTests.m; sourceTree = "<group>"; };
/* End PBXFileReference section */

/* Begin PBXFrameworksBuildPhase section */
		828A98E61A36371700555458 /* Frameworks */ = {
			isa = PBXFrameworksBuildPhase;
			buildActionMask = 2147483647;
			files = (
			);
			runOnlyForDeploymentPostprocessing = 0;
		};
		828A98FF1A36371800555458 /* Frameworks */ = {
			isa = PBXFrameworksBuildPhase;
			buildActionMask = 2147483647;
			files = (
			);
			runOnlyForDeploymentPostprocessing = 0;
		};
/* End PBXFrameworksBuildPhase section */

/* Begin PBXGroup section */
		828A98E01A36371700555458 = {
			isa = PBXGroup;
			children = (
				828A98EB1A36371700555458 /* TabBarSecondViewController */,
				828A99051A36371800555458 /* TabBarSecondViewControllerTests */,
				828A98EA1A36371700555458 /* Products */,
			);
			sourceTree = "<group>";
		};
		828A98EA1A36371700555458 /* Products */ = {
			isa = PBXGroup;
			children = (
				828A98E91A36371700555458 /* TabBarSecondViewController.app */,
				828A99021A36371800555458 /* TabBarSecondViewControllerTests.xctest */,
			);
			name = Products;
			sourceTree = "<group>";
		};
		828A98EB1A36371700555458 /* TabBarSecondViewController */ = {
			isa = PBXGroup;
			children = (
				828A98F01A36371800555458 /* AppDelegate.h */,
				828A98F11A36371800555458 /* AppDelegate.m */,
				828A98F31A36371800555458 /* ViewController.h */,
				828A98F41A36371800555458 /* ViewController.m */,
				828A98F61A36371800555458 /* Main.storyboard */,
				828A98F91A36371800555458 /* Images.xcassets */,
				828A98FB1A36371800555458 /* LaunchScreen.xib */,
				828A98EC1A36371800555458 /* Supporting Files */,
			);
			path = TabBarSecondViewController;
			sourceTree = "<group>";
		};
		828A98EC1A36371800555458 /* Supporting Files */ = {
			isa = PBXGroup;
			children = (
				828A98ED1A36371800555458 /* Info.plist */,
				828A98EE1A36371800555458 /* main.m */,
			);
			name = "Supporting Files";
			sourceTree = "<group>";
		};
		828A99051A36371800555458 /* TabBarSecondViewControllerTests */ = {
			isa = PBXGroup;
			children = (
				828A99081A36371800555458 /* TabBarSecondViewControllerTests.m */,
				828A99061A36371800555458 /* Supporting Files */,
			);
			path = TabBarSecondViewControllerTests;
			sourceTree = "<group>";
		};
		828A99061A36371800555458 /* Supporting Files */ = {
			isa = PBXGroup;
			children = (
				828A99071A36371800555458 /* Info.plist */,
			);
			name = "Supporting Files";
			sourceTree = "<group>";
		};
/* End PBXGroup section */

/* Begin PBXNativeTarget section */
		828A98E81A36371700555458 /* TabBarSecondViewController */ = {
			isa = PBXNativeTarget;
			buildConfigurationList = 828A990C1A36371800555458 /* Build configuration list for PBXNativeTarget "TabBarSecondViewController" */;
			buildPhases = (
				828A98E51A36371700555458 /* Sources */,
				828A98E61A36371700555458 /* Frameworks */,
				828A98E71A36371700555458 /* Resources */,
			);
			buildRules = (
			);
			dependencies = (
			);
			name = TabBarSecondViewController;
			productName = TabBarSecondViewController;
			productReference = 828A98E91A36371700555458 /* TabBarSecondViewController.app */;
			productType = "com.apple.product-type.application";
		};
		828A99011A36371800555458 /* TabBarSecondViewControllerTests */ = {
			isa = PBXNativeTarget;
			buildConfigurationList = 828A990F1A36371800555458 /* Build configuration list for PBXNativeTarget "TabBarSecondViewControllerTests" */;
			buildPhases = (
				828A98FE1A36371800555458 /* Sources */,
				828A98FF1A36371800555458 /* Frameworks */,
				828A99001A36371800555458 /* Resources */,
			);
			buildRules = (
			);
			dependencies = (
				828A99041A36371800555458 /* PBXTargetDependency */,
			);
			name = TabBarSecondViewControllerTests;
			productName = TabBarSecondViewControllerTests;
			productReference = 828A99021A36371800555458 /* TabBarSecondViewControllerTests.xctest */;
			productType = "com.apple.product-type.bundle.unit-test";
		};
/* End PBXNativeTarget section */

/* Begin PBXProject section */
		828A98E11A36371700555458 /* Project object */ = {
			isa = PBXProject;
			attributes = {
				LastUpgradeCheck = 0610;
				ORGANIZATIONNAME = "JACKIE TRILLO";
				TargetAttributes = {
					828A98E81A36371700555458 = {
						CreatedOnToolsVersion = 6.1;
					};
					828A99011A36371800555458 = {
						CreatedOnToolsVersion = 6.1;
						TestTargetID = 828A98E81A36371700555458;
					};
				};
			};
			buildConfigurationList = 828A98E41A36371700555458 /* Build configuration list for PBXProject "TabBarSecondViewController" */;
			compatibilityVersion = "Xcode 3.2";
			developmentRegion = English;
			hasScannedForEncodings = 0;
			knownRegions = (
				en,
				Base,
			);
			mainGroup = 828A98E01A36371700555458;
			productRefGroup = 828A98EA1A36371700555458 /* Products */;
			projectDirPath = "";
			projectRoot = "";
			targets = (
				828A98E81A36371700555458 /* TabBarSecondViewController */,
				828A99011A36371800555458 /* TabBarSecondViewControllerTests */,
			);
		};
/* End PBXProject section */

/* Begin PBXResourcesBuildPhase section */
		828A98E71A36371700555458 /* Resources */ = {
			isa = PBXResourcesBuildPhase;
			buildActionMask = 2147483647;
			files = (
				828A98F81A36371800555458 /* Main.storyboard in Resources */,
				828A98FD1A36371800555458 /* LaunchScreen.xib in Resources */,
				828A98FA1A36371800555458 /* Images.xcassets in Resources */,
			);
			runOnlyForDeploymentPostprocessing = 0;
		};
		828A99001A36371800555458 /* Resources */ = {
			isa = PBXResourcesBuildPhase;
			buildActionMask = 2147483647;
			files = (
			);
			runOnlyForDeploymentPostprocessing = 0;
		};
/* End PBXResourcesBuildPhase section */

/* Begin PBXSourcesBuildPhase section */
		828A98E51A36371700555458 /* Sources */ = {
			isa = PBXSourcesBuildPhase;
			buildActionMask = 2147483647;
			files = (
				828A98F51A36371800555458 /* ViewController.m in Sources */,
				828A98F21A36371800555458 /* AppDelegate.m in Sources */,
				828A98EF1A36371800555458 /* main.m in Sources */,
			);
			runOnlyForDeploymentPostprocessing = 0;
		};
		828A98FE1A36371800555458 /* Sources */ = {
			isa = PBXSourcesBuildPhase;
			buildActionMask = 2147483647;
			files = (
				828A99091A36371800555458 /* TabBarSecondViewControllerTests.m in Sources */,
			);
			runOnlyForDeploymentPostprocessing = 0;
		};
/* End PBXSourcesBuildPhase section */

/* Begin PBXTargetDependency section */
		828A99041A36371800555458 /* PBXTargetDependency */ = {
			isa = PBXTargetDependency;
			target = 828A98E81A36371700555458 /* TabBarSecondViewController */;
			targetProxy = 828A99031A36371800555458 /* PBXContainerItemProxy */;
		};
/* End PBXTargetDependency section */

/* Begin PBXVariantGroup section */
		828A98F61A36371800555458 /* Main.storyboard */ = {
			isa = PBXVariantGroup;
			children = (
				828A98F71A36371800555458 /* Base */,
			);
			name = Main.storyboard;
			sourceTree = "<group>";
		};
		828A98FB1A36371800555458 /* LaunchScreen.xib */ = {
			isa = PBXVariantGroup;
			children = (
				828A98FC1A36371800555458 /* Base */,
			);
			name = LaunchScreen.xib;
			sourceTree = "<group>";
		};
/* End PBXVariantGroup section */

/* Begin XCBuildConfiguration section */
		828A990A1A36371800555458 /* Debug */ = {
			isa = XCBuildConfiguration;
			buildSettings = {
				ALWAYS_SEARCH_USER_PATHS = NO;
				CLANG_CXX_LANGUAGE_STANDARD = "gnu++0x";
				CLANG_CXX_LIBRARY = "libc++";
				CLANG_ENABLE_MODULES = YES;
				CLANG_ENABLE_OBJC_ARC = YES;
				CLANG_WARN_BOOL_CONVERSION = YES;
				CLANG_WARN_CONSTANT_CONVERSION = YES;
				CLANG_WARN_DIRECT_OBJC_ISA_USAGE = YES_ERROR;
				CLANG_WARN_EMPTY_BODY = YES;
				CLANG_WARN_ENUM_CONVERSION = YES;
				CLANG_WARN_INT_CONVERSION = YES;
				CLANG_WARN_OBJC_ROOT_CLASS = YES_ERROR;
				CLANG_WARN_UNREACHABLE_CODE = YES;
				CLANG_WARN__DUPLICATE_METHOD_MATCH = YES;
				"CODE_SIGN_IDENTITY[sdk=iphoneos*]" = "iPhone Developer";
				COPY_PHASE_STRIP = NO;
				ENABLE_STRICT_OBJC_MSGSEND = YES;
				GCC_C_LANGUAGE_STANDARD = gnu99;
				GCC_DYNAMIC_NO_PIC = NO;
				GCC_OPTIMIZATION_LEVEL = 0;
				GCC_PREPROCESSOR_DEFINITIONS = (
					"DEBUG=1",
					"$(inherited)",
				);
				GCC_SYMBOLS_PRIVATE_EXTERN = NO;
				GCC_WARN_64_TO_32_BIT_CONVERSION = YES;
				GCC_WARN_ABOUT_RETURN_TYPE = YES_ERROR;
				GCC_WARN_UNDECLARED_SELECTOR = YES;
				GCC_WARN_UNINITIALIZED_AUTOS = YES_AGGRESSIVE;
				GCC_WARN_UNUSED_FUNCTION = YES;
				GCC_WARN_UNUSED_VARIABLE = YES;
				IPHONEOS_DEPLOYMENT_TARGET = 8.1;
				MTL_ENABLE_DEBUG_INFO = YES;
				ONLY_ACTIVE_ARCH = YES;
				SDKROOT = iphoneos;
			};
			name = Debug;
		};
		828A990B1A36371800555458 /* Release */ = {
			isa = XCBuildConfiguration;
			buildSettings = {
				ALWAYS_SEARCH_USER_PATHS = NO;
				CLANG_CXX_LANGUAGE_STANDARD = "gnu++0x";
				CLANG_CXX_LIBRARY = "libc++";
				CLANG_ENABLE_MODULES = YES;
				CLANG_ENABLE_OBJC_ARC = YES;
				CLANG_WARN_BOOL_CONVERSION = YES;
				CLANG_WARN_CONSTANT_CONVERSION = YES;
				CLANG_WARN_DIRECT_OBJC_ISA_USAGE = YES_ERROR;
				CLANG_WARN_EMPTY_BODY = YES;
				CLANG_WARN_ENUM_CONVERSION = YES;
				CLANG_WARN_INT_CONVERSION = YES;
				CLANG_WARN_OBJC_ROOT_CLASS = YES_ERROR;
				CLANG_WARN_UNREACHABLE_CODE = YES;
				CLANG_WARN__DUPLICATE_METHOD_MATCH = YES;
				"CODE_SIGN_IDENTITY[sdk=iphoneos*]" = "iPhone Developer";
				COPY_PHASE_STRIP = YES;
				ENABLE_NS_ASSERTIONS = NO;
				ENABLE_STRICT_OBJC_MSGSEND = YES;
				GCC_C_LANGUAGE_STANDARD = gnu99;
				GCC_WARN_64_TO_32_BIT_CONVERSION = YES;
				GCC_WARN_ABOUT_RETURN_TYPE = YES_ERROR;
				GCC_WARN_UNDECLARED_SELECTOR = YES;
				GCC_WARN_UNINITIALIZED_AUTOS = YES_AGGRESSIVE;
				GCC_WARN_UNUSED_FUNCTION = YES;
				GCC_WARN_UNUSED_VARIABLE = YES;
				IPHONEOS_DEPLOYMENT_TARGET = 8.1;
				MTL_ENABLE_DEBUG_INFO = NO;
				SDKROOT = iphoneos;
				VALIDATE_PRODUCT = YES;
			};
			name = Release;
		};
		828A990D1A36371800555458 /* Debug */ = {
			isa = XCBuildConfiguration;
			buildSettings = {
				ASSETCATALOG_COMPILER_APPICON_NAME = AppIcon;
				INFOPLIST_FILE = TabBarSecondViewController/Info.plist;
				LD_RUNPATH_SEARCH_PATHS = "$(inherited) @executable_path/Frameworks";
				PRODUCT_NAME = "$(TARGET_NAME)";
			};
			name = Debug;
		};
		828A990E1A36371800555458 /* Release */ = {
			isa = XCBuildConfiguration;
			buildSettings = {
				ASSETCATALOG_COMPILER_APPICON_NAME = AppIcon;
				INFOPLIST_FILE = TabBarSecondViewController/Info.plist;
				LD_RUNPATH_SEARCH_PATHS = "$(inherited) @executable_path/Frameworks";
				PRODUCT_NAME = "$(TARGET_NAME)";
			};
			name = Release;
		};
		828A99101A36371800555458 /* Debug */ = {
			isa = XCBuildConfiguration;
			buildSettings = {
				BUNDLE_LOADER = "$(TEST_HOST)";
				FRAMEWORK_SEARCH_PATHS = (
					"$(SDKROOT)/Developer/Library/Frameworks",
					"$(inherited)",
				);
				GCC_PREPROCESSOR_DEFINITIONS = (
					"DEBUG=1",
					"$(inherited)",
				);
				INFOPLIST_FILE = TabBarSecondViewControllerTests/Info.plist;
				LD_RUNPATH_SEARCH_PATHS = "$(inherited) @executable_path/Frameworks @loader_path/Frameworks";
				PRODUCT_NAME = "$(TARGET_NAME)";
				TEST_HOST = "$(BUILT_PRODUCTS_DIR)/TabBarSecondViewController.app/TabBarSecondViewController";
			};
			name = Debug;
		};
		828A99111A36371800555458 /* Release */ = {
			isa = XCBuildConfiguration;
			buildSettings = {
				BUNDLE_LOADER = "$(TEST_HOST)";
				FRAMEWORK_SEARCH_PATHS = (
					"$(SDKROOT)/Developer/Library/Frameworks",
					"$(inherited)",
				);
				INFOPLIST_FILE = TabBarSecondViewControllerTests/Info.plist;
				LD_RUNPATH_SEARCH_PATHS = "$(inherited) @executable_path/Frameworks @loader_path/Frameworks";
				PRODUCT_NAME = "$(TARGET_NAME)";
				TEST_HOST = "$(BUILT_PRODUCTS_DIR)/TabBarSecondViewController.app/TabBarSecondViewController";
			};
			name = Release;
		};
/* End XCBuildConfiguration section */

/* Begin XCConfigurationList section */
		828A98E41A36371700555458 /* Build configuration list for PBXProject "TabBarSecondViewController" */ = {
			isa = XCConfigurationList;
			buildConfigurations = (
				828A990A1A36371800555458 /* Debug */,
				828A990B1A36371800555458 /* Release */,
			);
			defaultConfigurationIsVisible = 0;
			defaultConfigurationName = Release;
		};
		828A990C1A36371800555458 /* Build configuration list for PBXNativeTarget "TabBarSecondViewController" */ = {
			isa = XCConfigurationList;
			buildConfigurations = (
				828A990D1A36371800555458 /* Debug */,
				828A990E1A36371800555458 /* Release */,
			);
			defaultConfigurationIsVisible = 0;
		};
		828A990F1A36371800555458 /* Build configuration list for PBXNativeTarget "TabBarSecondViewControllerTests" */ = {
			isa = XCConfigurationList;
			buildConfigurations = (
				828A99101A36371800555458 /* Debug */,
				828A99111A36371800555458 /* Release */,
			);
			defaultConfigurationIsVisible = 0;
		};
/* End XCConfigurationList section */
	};
	rootObject = 828A98E11A36371700555458 /* Project object */;
}
